
Microsoft Visual Studio Solution File, Format Version 12.00
Project("{FAE04EC0-301F-11D3-BF4B-00C04F79EFBC}") = "F0.Talks.Roslyn", "F0.Talks.Roslyn\F0.Talks.Roslyn.csproj", "{5778C0C7-0516-48C3-9348-EEE6AB87A512}"
EndProject
Global
	GlobalSection(SolutionConfigurationPlatforms) = preSolution
		Debug|Any CPU = Debug|Any CPU
		Release|Any CPU = Release|Any CPU
	EndGlobalSection
	GlobalSection(ProjectConfigurationPlatforms) = postSolution
		{5778C0C7-0516-48C3-9348-EEE6AB87A512}.Debug|Any CPU.ActiveCfg = Debug|Any CPU
		{5778C0C7-0516-48C3-9348-EEE6AB87A512}.Debug|Any CPU.Build.0 = Debug|Any CPU
		{5778C0C7-0516-48C3-9348-EEE6AB87A512}.Release|Any CPU.ActiveCfg = Release|Any CPU
		{5778C0C7-0516-48C3-9348-EEE6AB87A512}.Release|Any CPU.Build.0 = Release|Any CPU
	EndGlobalSection
EndGlobal
